
Microsoft Visual Studio Solution File, Format Version 12.00
# Visual Studio Version 16
VisualStudioVersion = 16.0.30611.23
MinimumVisualStudioVersion = 10.0.40219.1
Project("{9A19103F-16F7-4668-BE54-9A1E7A4F7556}") = "MyStore.Api", "MyStore\MyStore.Api.csproj", "{59FF0DC7-1535-4685-A8FB-47668827A5C7}"
EndProject
Project("{FAE04EC0-301F-11D3-BF4B-00C04F79EFBC}") = "MyStore.Domain", "MyStore.Domain\MyStore.Domain.csproj", "{15ACB5A9-CF95-4C99-A721-C92F47250CDB}"
EndProject
Project("{FAE04EC0-301F-11D3-BF4B-00C04F79EFBC}") = "MyStore.Data", "MyStore.Data\MyStore.Data.csproj", "{419A9D0A-F5A8-4703-9290-92AC60DCF92B}"
EndProject
Global
	GlobalSection(SolutionConfigurationPlatforms) = preSolution
		Debug|Any CPU = Debug|Any CPU
		Release|Any CPU = Release|Any CPU
	EndGlobalSection
	GlobalSection(ProjectConfigurationPlatforms) = postSolution
		{59FF0DC7-1535-4685-A8FB-47668827A5C7}.Debug|Any CPU.ActiveCfg = Debug|Any CPU
		{59FF0DC7-1535-4685-A8FB-47668827A5C7}.Debug|Any CPU.Build.0 = Debug|Any CPU
		{59FF0DC7-1535-4685-A8FB-47668827A5C7}.Release|Any CPU.ActiveCfg = Release|Any CPU
		{59FF0DC7-1535-4685-A8FB-47668827A5C7}.Release|Any CPU.Build.0 = Release|Any CPU
		{15ACB5A9-CF95-4C99-A721-C92F47250CDB}.Debug|Any CPU.ActiveCfg = Debug|Any CPU
		{15ACB5A9-CF95-4C99-A721-C92F47250CDB}.Debug|Any CPU.Build.0 = Debug|Any CPU
		{15ACB5A9-CF95-4C99-A721-C92F47250CDB}.Release|Any CPU.ActiveCfg = Release|Any CPU
		{15ACB5A9-CF95-4C99-A721-C92F47250CDB}.Release|Any CPU.Build.0 = Release|Any CPU
		{419A9D0A-F5A8-4703-9290-92AC60DCF92B}.Debug|Any CPU.ActiveCfg = Debug|Any CPU
		{419A9D0A-F5A8-4703-9290-92AC60DCF92B}.Debug|Any CPU.Build.0 = Debug|Any CPU
		{419A9D0A-F5A8-4703-9290-92AC60DCF92B}.Release|Any CPU.ActiveCfg = Release|Any CPU
		{419A9D0A-F5A8-4703-9290-92AC60DCF92B}.Release|Any CPU.Build.0 = Release|Any CPU
	EndGlobalSection
	GlobalSection(SolutionProperties) = preSolution
		HideSolutionNode = FALSE
	EndGlobalSection
	GlobalSection(ExtensibilityGlobals) = postSolution
		SolutionGuid = {965AABCE-8231-4B12-9E6E-E32CBB905DD0}
	EndGlobalSection
EndGlobal
